
Microsoft Visual Studio Solution File, Format Version 12.00
# Visual Studio Version 16
VisualStudioVersion = 16.0.29806.167
MinimumVisualStudioVersion = 10.0.40219.1
Project("{FAE04EC0-301F-11D3-BF4B-00C04F79EFBC}") = "TaskTeacher", "TaskTeacher\TaskTeacher.csproj", "{05FECAC5-D22F-4063-A979-A4F1E3C0CE47}"
EndProject
Global
	GlobalSection(SolutionConfigurationPlatforms) = preSolution
		Debug|Any CPU = Debug|Any CPU
		Release|Any CPU = Release|Any CPU
	EndGlobalSection
	GlobalSection(ProjectConfigurationPlatforms) = postSolution
		{05FECAC5-D22F-4063-A979-A4F1E3C0CE47}.Debug|Any CPU.ActiveCfg = Debug|Any CPU
		{05FECAC5-D22F-4063-A979-A4F1E3C0CE47}.Debug|Any CPU.Build.0 = Debug|Any CPU
		{05FECAC5-D22F-4063-A979-A4F1E3C0CE47}.Release|Any CPU.ActiveCfg = Release|Any CPU
		{05FECAC5-D22F-4063-A979-A4F1E3C0CE47}.Release|Any CPU.Build.0 = Release|Any CPU
	EndGlobalSection
	GlobalSection(SolutionProperties) = preSolution
		HideSolutionNode = FALSE
	EndGlobalSection
	GlobalSection(ExtensibilityGlobals) = postSolution
		SolutionGuid = {E7740B22-E83E-4882-925A-6081A26431EC}
	EndGlobalSection
EndGlobal
